Microsoft Visual Studio Solution File, Format Version 12.00
# Visual Studio Version 17
VisualStudioVersion = 17.5.2.0
MinimumVisualStudioVersion = 10.0.40219.1
Project("{FAE04EC0-301F-11D3-BF4B-00C04F79EFBC}") = "MySql", "MySql.csproj", "{FA15502A-2BB1-64DB-DA94-95B0E3A4CD6C}"
EndProject
Global
	GlobalSection(SolutionConfigurationPlatforms) = preSolution
		Debug|Any CPU = Debug|Any CPU
		Release|Any CPU = Release|Any CPU
	EndGlobalSection
	GlobalSection(ProjectConfigurationPlatforms) = postSolution
		{FA15502A-2BB1-64DB-DA94-95B0E3A4CD6C}.Debug|Any CPU.ActiveCfg = Debug|Any CPU
		{FA15502A-2BB1-64DB-DA94-95B0E3A4CD6C}.Debug|Any CPU.Build.0 = Debug|Any CPU
		{FA15502A-2BB1-64DB-DA94-95B0E3A4CD6C}.Release|Any CPU.ActiveCfg = Release|Any CPU
		{FA15502A-2BB1-64DB-DA94-95B0E3A4CD6C}.Release|Any CPU.Build.0 = Release|Any CPU
	EndGlobalSection
	GlobalSection(SolutionProperties) = preSolution
		HideSolutionNode = FALSE
	EndGlobalSection
	GlobalSection(ExtensibilityGlobals) = postSolution
		SolutionGuid = {BAD19DA6-64E4-4530-8FC4-AE36F69AD4C6}
	EndGlobalSection
EndGlobal
